Microsoft Visual Studio Solution File, Format Version 12.00
# Visual Studio Version 17
VisualStudioVersion = 17.0.31912.275
MinimumVisualStudioVersion = 10.0.40219.1
Project("{9A19103F-16F7-4668-BE54-9A1E7A4F7556}") = "RetailProduct.Api", "src\RetailProduct.Api\RetailProduct.Api.csproj", "{BA2A5758-B189-4EAD-8129-CD02523F8F05}"
EndProject
Project("{9A19103F-16F7-4668-BE54-9A1E7A4F7556}") = "RetailProduct.Application", "src\RetailProduct.Application\RetailProduct.Application.csproj", "{23FEA344-0719-47B7-BC81-2B6B80E8DD1D}"
EndProject
Project("{9A19103F-16F7-4668-BE54-9A1E7A4F7556}") = "RetailProduct.Domain", "src\RetailProduct.Domain\RetailProduct.Domain.csproj", "{91118B82-5B9D-4F5C-A726-2F9F3CABD0B6}"
EndProject
Project("{9A19103F-16F7-4668-BE54-9A1E7A4F7556}") = "RetailProduct.Infrastructure", "src\RetailProduct.Infrastructure\RetailProduct.Infrastructure.csproj", "{80D916D5-24C7-49E5-A052-AF644B35F82F}"
EndProject
Project("{9A19103F-16F7-4668-BE54-9A1E7A4F7556}") = "RetailProduct.Tests", "src\RetailProduct.Tests\RetailProduct.Tests.csproj", "{984D7EF2-8FC4-4A97-A227-8024FA006B8F}"
EndProject
Global
	GlobalSection(SolutionConfigurationPlatforms) = preSolution
		Debug|Any CPU = Debug|Any CPU
		Release|Any CPU = Release|Any CPU
	EndGlobalSection
	GlobalSection(ProjectConfigurationPlatforms) = postSolution
		{BA2A5758-B189-4EAD-8129-CD02523F8F05}.Debug|Any CPU.ActiveCfg = Debug|Any CPU
		{BA2A5758-B189-4EAD-8129-CD02523F8F05}.Debug|Any CPU.Build.0 = Debug|Any CPU
		{BA2A5758-B189-4EAD-8129-CD02523F8F05}.Release|Any CPU.ActiveCfg = Release|Any CPU
		{BA2A5758-B189-4EAD-8129-CD02523F8F05}.Release|Any CPU.Build.0 = Release|Any CPU
		{23FEA344-0719-47B7-BC81-2B6B80E8DD1D}.Debug|Any CPU.ActiveCfg = Debug|Any CPU
		{23FEA344-0719-47B7-BC81-2B6B80E8DD1D}.Debug|Any CPU.Build.0 = Debug|Any CPU
		{23FEA344-0719-47B7-BC81-2B6B80E8DD1D}.Release|Any CPU.ActiveCfg = Release|Any CPU
		{23FEA344-0719-47B7-BC81-2B6B80E8DD1D}.Release|Any CPU.Build.0 = Release|Any CPU
		{91118B82-5B9D-4F5C-A726-2F9F3CABD0B6}.Debug|Any CPU.ActiveCfg = Debug|Any CPU
		{91118B82-5B9D-4F5C-A726-2F9F3CABD0B6}.Debug|Any CPU.Build.0 = Debug|Any CPU
		{91118B82-5B9D-4F5C-A726-2F9F3CABD0B6}.Release|Any CPU.ActiveCfg = Release|Any CPU
		{91118B82-5B9D-4F5C-A726-2F9F3CABD0B6}.Release|Any CPU.Build.0 = Release|Any CPU
		{80D916D5-24C7-49E5-A052-AF644B35F82F}.Debug|Any CPU.ActiveCfg = Debug|Any CPU
		{80D916D5-24C7-49E5-A052-AF644B35F82F}.Debug|Any CPU.Build.0 = Debug|Any CPU
		{80D916D5-24C7-49E5-A052-AF644B35F82F}.Release|Any CPU.ActiveCfg = Release|Any CPU
		{80D916D5-24C7-49E5-A052-AF644B35F82F}.Release|Any CPU.Build.0 = Release|Any CPU
		{984D7EF2-8FC4-4A97-A227-8024FA006B8F}.Debug|Any CPU.ActiveCfg = Debug|Any CPU
		{984D7EF2-8FC4-4A97-A227-8024FA006B8F}.Debug|Any CPU.Build.0 = Debug|Any CPU
		{984D7EF2-8FC4-4A97-A227-8024FA006B8F}.Release|Any CPU.ActiveCfg = Release|Any CPU
		{984D7EF2-8FC4-4A97-A227-8024FA006B8F}.Release|Any CPU.Build.0 = Release|Any CPU
	EndGlobalSection
	GlobalSection(SolutionProperties) = preSolution
		HideSolutionNode = FALSE
	EndGlobalSection
EndGlobal
